// !$*UTF8*$!
{
	archiveVersion = 1;
	classes = {
	};
	objectVersion = 46;
	objects = {

/* Begin PBXBuildFile section */
		8442402C1F4D0D6900A62247 /* FontSizesViewController.m in Sources */ = {isa = PBXBuildFile; fileRef = 8442402B1F4D0D6900A62247 /* FontSizesViewController.m */; };
		8442402F1F4D15C300A62247 /* FontInfoViewController.m in Sources */ = {isa = PBXBuildFile; fileRef = 8442402E1F4D15C300A62247 /* FontInfoViewController.m */; };
		846B9DE21F4C1C96000D5FBC /* main.m in Sources */ = {isa = PBXBuildFile; fileRef = 846B9DE11F4C1C96000D5FBC /* main.m */; };
		846B9DE51F4C1C97000D5FBC /* AppDelegate.m in Sources */ = {isa = PBXBuildFile; fileRef = 846B9DE41F4C1C96000D5FBC /* AppDelegate.m */; };
		846B9DEB1F4C1C97000D5FBC /* Main.storyboard in Resources */ = {isa = PBXBuildFile; fileRef = 846B9DE91F4C1C97000D5FBC /* Main.storyboard */; };
		846B9DED1F4C1C97000D5FBC /* Assets.xcassets in Resources */ = {isa = PBXBuildFile; fileRef = 846B9DEC1F4C1C97000D5FBC /* Assets.xcassets */; };
		846B9DF01F4C1C97000D5FBC /* LaunchScreen.storyboard in Resources */ = {isa = PBXBuildFile; fileRef = 846B9DEE1F4C1C97000D5FBC /* LaunchScreen.storyboard */; };
		846B9DF91F4C1EB6000D5FBC /* FavoritesList.m in Sources */ = {isa = PBXBuildFile; fileRef = 846B9DF81F4C1EB6000D5FBC /* FavoritesList.m */; };
		846B9DFF1F4C2674000D5FBC /* RootViewController.m in Sources */ = {isa = PBXBuildFile; fileRef = 846B9DFE1F4C2674000D5FBC /* RootViewController.m */; };
		846B9E021F4C2FAB000D5FBC /* FontListViewController.m in Sources */ = {isa = PBXBuildFile; fileRef = 846B9E011F4C2FAB000D5FBC /* FontListViewController.m */; };
/* End PBXBuildFile section */

/* Begin PBXFileReference section */
		8442402A1F4D0D6900A62247 /* FontSizesViewController.h */ = {isa = PBXFileReference; fileEncoding = 4; lastKnownFileType = sourcecode.c.h; path = FontSizesViewController.h; sourceTree = "<group>"; };
		8442402B1F4D0D6900A62247 /* FontSizesViewController.m */ = {isa = PBXFileReference; fileEncoding = 4; lastKnownFileType = sourcecode.c.objc; path = FontSizesViewController.m; sourceTree = "<group>"; };
		8442402D1F4D15C300A62247 /* FontInfoViewController.h */ = {isa = PBXFileReference; fileEncoding = 4; lastKnownFileType = sourcecode.c.h; path = FontInfoViewController.h; sourceTree = "<group>"; };
		8442402E1F4D15C300A62247 /* FontInfoViewController.m */ = {isa = PBXFileReference; fileEncoding = 4; lastKnownFileType = sourcecode.c.objc; path = FontInfoViewController.m; sourceTree = "<group>"; };
		846B9DDD1F4C1C96000D5FBC /* Fonts.app */ = {isa = PBXFileReference; explicitFileType = wrapper.application; includeInIndex = 0; path = Fonts.app; sourceTree = BUILT_PRODUCTS_DIR; };
		846B9DE11F4C1C96000D5FBC /* main.m */ = {isa = PBXFileReference; lastKnownFileType = sourcecode.c.objc; path = main.m; sourceTree = "<group>"; };
		846B9DE31F4C1C96000D5FBC /* AppDelegate.h */ = {isa = PBXFileReference; lastKnownFileType = sourcecode.c.h; path = AppDelegate.h; sourceTree = "<group>"; };
		846B9DE41F4C1C96000D5FBC /* AppDelegate.m */ = {isa = PBXFileReference; lastKnownFileType = sourcecode.c.objc; path = AppDelegate.m; sourceTree = "<group>"; };
		846B9DEA1F4C1C97000D5FBC /* Base */ = {isa = PBXFileReference; lastKnownFileType = file.storyboard; name = Base; path = Base.lproj/Main.storyboard; sourceTree = "<group>"; };
		846B9DEC1F4C1C97000D5FBC /* Assets.xcassets */ = {isa = PBXFileReference; lastKnownFileType = folder.assetcatalog; path = Assets.xcassets; sourceTree = "<group>"; };
		846B9DEF1F4C1C97000D5FBC /* Base */ = {isa = PBXFileReference; lastKnownFileType = file.storyboard; name = Base; path = Base.lproj/LaunchScreen.storyboard; sourceTree = "<group>"; };
		846B9DF11F4C1C97000D5FBC /* Info.plist */ = {isa = PBXFileReference; lastKnownFileType = text.plist.xml; path = Info.plist; sourceTree = "<group>"; };
		846B9DF71F4C1EB6000D5FBC /* FavoritesList.h */ = {isa = PBXFileReference; fileEncoding = 4; lastKnownFileType = sourcecode.c.h; path = FavoritesList.h; sourceTree = "<group>"; };
		846B9DF81F4C1EB6000D5FBC /* FavoritesList.m */ = {isa = PBXFileReference; fileEncoding = 4; lastKnownFileType = sourcecode.c.objc; path = FavoritesList.m; sourceTree = "<group>"; };
		846B9DFD1F4C2674000D5FBC /* RootViewController.h */ = {isa = PBXFileReference; fileEncoding = 4; lastKnownFileType = sourcecode.c.h; path = RootViewController.h; sourceTree = "<group>"; };
		846B9DFE1F4C2674000D5FBC /* RootViewController.m */ = {isa = PBXFileReference; fileEncoding = 4; lastKnownFileType = sourcecode.c.objc; path = RootViewController.m; sourceTree = "<group>"; };
		846B9E001F4C2FAB000D5FBC /* FontListViewController.h */ = {isa = PBXFileReference; fileEncoding = 4; lastKnownFileType = sourcecode.c.h; path = FontListViewController.h; sourceTree = "<group>"; };
		846B9E011F4C2FAB000D5FBC /* FontListViewController.m */ = {isa = PBXFileReference; fileEncoding = 4; lastKnownFileType = sourcecode.c.objc; path = FontListViewController.m; sourceTree = "<group>"; };
/* End PBXFileReference section */

/* Begin PBXFrameworksBuildPhase section */
		846B9DDA1F4C1C96000D5FBC /* Frameworks */ = {
			isa = PBXFrameworksBuildPhase;
			buildActionMask = 2147483647;
			files = (
			);
			runOnlyForDeploymentPostprocessing = 0;
		};
/* End PBXFrameworksBuildPhase section */

/* Begin PBXGroup section */
		846B9DD41F4C1C96000D5FBC = {
			isa = PBXGroup;
			children = (
				846B9DDF1F4C1C96000D5FBC /* Fonts */,
				846B9DDE1F4C1C96000D5FBC /* Products */,
			);
			sourceTree = "<group>";
		};
		846B9DDE1F4C1C96000D5FBC /* Products */ = {
			isa = PBXGroup;
			children = (
				846B9DDD1F4C1C96000D5FBC /* Fonts.app */,
			);
			name = Products;
			sourceTree = "<group>";
		};
		846B9DDF1F4C1C96000D5FBC /* Fonts */ = {
			isa = PBXGroup;
			children = (
				846B9DE31F4C1C96000D5FBC /* AppDelegate.h */,
				846B9DE41F4C1C96000D5FBC /* AppDelegate.m */,
				846B9DE91F4C1C97000D5FBC /* Main.storyboard */,
				846B9DEC1F4C1C97000D5FBC /* Assets.xcassets */,
				846B9DEE1F4C1C97000D5FBC /* LaunchScreen.storyboard */,
				846B9DF11F4C1C97000D5FBC /* Info.plist */,
				846B9DE01F4C1C96000D5FBC /* Supporting Files */,
				846B9DF71F4C1EB6000D5FBC /* FavoritesList.h */,
				846B9DF81F4C1EB6000D5FBC /* FavoritesList.m */,
				846B9DFD1F4C2674000D5FBC /* RootViewController.h */,
				846B9DFE1F4C2674000D5FBC /* RootViewController.m */,
				846B9E001F4C2FAB000D5FBC /* FontListViewController.h */,
				846B9E011F4C2FAB000D5FBC /* FontListViewController.m */,
				8442402A1F4D0D6900A62247 /* FontSizesViewController.h */,
				8442402B1F4D0D6900A62247 /* FontSizesViewController.m */,
				8442402D1F4D15C300A62247 /* FontInfoViewController.h */,
				8442402E1F4D15C300A62247 /* FontInfoViewController.m */,
			);
			path = Fonts;
			sourceTree = "<group>";
		};
		846B9DE01F4C1C96000D5FBC /* Supporting Files */ = {
			isa = PBXGroup;
			children = (
				846B9DE11F4C1C96000D5FBC /* main.m */,
			);
			name = "Supporting Files";
			sourceTree = "<group>";
		};
/* End PBXGroup section */

/* Begin PBXNativeTarget section */
		846B9DDC1F4C1C96000D5FBC /* Fonts */ = {
			isa = PBXNativeTarget;
			buildConfigurationList = 846B9DF41F4C1C97000D5FBC /* Build configuration list for PBXNativeTarget "Fonts" */;
			buildPhases = (
				846B9DD91F4C1C96000D5FBC /* Sources */,
				846B9DDA1F4C1C96000D5FBC /* Frameworks */,
				846B9DDB1F4C1C96000D5FBC /* Resources */,
			);
			buildRules = (
			);
			dependencies = (
			);
			name = Fonts;
			productName = Fonts;
			productReference = 846B9DDD1F4C1C96000D5FBC /* Fonts.app */;
			productType = "com.apple.product-type.application";
		};
/* End PBXNativeTarget section */

/* Begin PBXProject section */
		846B9DD51F4C1C96000D5FBC /* Project object */ = {
			isa = PBXProject;
			attributes = {
				LastUpgradeCheck = 0830;
				ORGANIZATIONNAME = FISC;
				TargetAttributes = {
					846B9DDC1F4C1C96000D5FBC = {
						CreatedOnToolsVersion = 8.3.3;
						DevelopmentTeam = 92VJ2PPP4A;
						ProvisioningStyle = Automatic;
					};
				};
			};
			buildConfigurationList = 846B9DD81F4C1C96000D5FBC /* Build configuration list for PBXProject "Fonts" */;
			compatibilityVersion = "Xcode 3.2";
			developmentRegion = English;
			hasScannedForEncodings = 0;
			knownRegions = (
				en,
				Base,
			);
			mainGroup = 846B9DD41F4C1C96000D5FBC;
			productRefGroup = 846B9DDE1F4C1C96000D5FBC /* Products */;
			projectDirPath = "";
			projectRoot = "";
			targets = (
				846B9DDC1F4C1C96000D5FBC /* Fonts */,
			);
		};
/* End PBXProject section */

/* Begin PBXResourcesBuildPhase section */
		846B9DDB1F4C1C96000D5FBC /* Resources */ = {
			isa = PBXResourcesBuildPhase;
			buildActionMask = 2147483647;
			files = (
				846B9DF01F4C1C97000D5FBC /* LaunchScreen.storyboard in Resources */,
				846B9DED1F4C1C97000D5FBC /* Assets.xcassets in Resources */,
				846B9DEB1F4C1C97000D5FBC /* Main.storyboard in Resources */,
			);
			runOnlyForDeploymentPostprocessing = 0;
		};
/* End PBXResourcesBuildPhase section */

/* Begin PBXSourcesBuildPhase section */
		846B9DD91F4C1C96000D5FBC /* Sources */ = {
			isa = PBXSourcesBuildPhase;
			buildActionMask = 2147483647;
			files = (
				8442402C1F4D0D6900A62247 /* FontSizesViewController.m in Sources */,
				8442402F1F4D15C300A62247 /* FontInfoViewController.m in Sources */,
				846B9DF91F4C1EB6000D5FBC /* FavoritesList.m in Sources */,
				846B9DE51F4C1C97000D5FBC /* AppDelegate.m in Sources */,
				846B9DFF1F4C2674000D5FBC /* RootViewController.m in Sources */,
				846B9DE21F4C1C96000D5FBC /* main.m in Sources */,
				846B9E021F4C2FAB000D5FBC /* FontListViewController.m in Sources */,
			);
			runOnlyForDeploymentPostprocessing = 0;
		};
/* End PBXSourcesBuildPhase section */

/* Begin PBXVariantGroup section */
		846B9DE91F4C1C97000D5FBC /* Main.storyboard */ = {
			isa = PBXVariantGroup;
			children = (
				846B9DEA1F4C1C97000D5FBC /* Base */,
			);
			name = Main.storyboard;
			sourceTree = "<group>";
		};
		846B9DEE1F4C1C97000D5FBC /* LaunchScreen.storyboard */ = {
			isa = PBXVariantGroup;
			children = (
				846B9DEF1F4C1C97000D5FBC /* Base */,
			);
			name = LaunchScreen.storyboard;
			sourceTree = "<group>";
		};
/* End PBXVariantGroup section */

/* Begin XCBuildConfiguration section */
		846B9DF21F4C1C97000D5FBC /* Debug */ = {
			isa = XCBuildConfiguration;
			buildSettings = {
				ALWAYS_SEARCH_USER_PATHS = NO;
				CLANG_ANALYZER_NONNULL = YES;
				CLANG_ANALYZER_NUMBER_OBJECT_CONVERSION = YES_AGGRESSIVE;
				CLANG_CXX_LANGUAGE_STANDARD = "gnu++0x";
				CLANG_CXX_LIBRARY = "libc++";
				CLANG_ENABLE_MODULES = YES;
				CLANG_ENABLE_OBJC_ARC = YES;
				CLANG_WARN_BOOL_CONVERSION = YES;
				CLANG_WARN_CONSTANT_CONVERSION = YES;
				CLANG_WARN_DIRECT_OBJC_ISA_USAGE = YES_ERROR;
				CLANG_WARN_DOCUMENTATION_COMMENTS = YES;
				CLANG_WARN_EMPTY_BODY = YES;
				CLANG_WARN_ENUM_CONVERSION = YES;
				CLANG_WARN_INFINITE_RECURSION = YES;
				CLANG_WARN_INT_CONVERSION = YES;
				CLANG_WARN_OBJC_ROOT_CLASS = YES_ERROR;
				CLANG_WARN_SUSPICIOUS_MOVE = YES;
				CLANG_WARN_UNREACHABLE_CODE = YES;
				CLANG_WARN__DUPLICATE_METHOD_MATCH = YES;
				"CODE_SIGN_IDENTITY[sdk=iphoneos*]" = "iPhone Developer";
				COPY_PHASE_STRIP = NO;
				DEBUG_INFORMATION_FORMAT = dwarf;
				ENABLE_STRICT_OBJC_MSGSEND = YES;
				ENABLE_TESTABILITY = YES;
				GCC_C_LANGUAGE_STANDARD = gnu99;
				GCC_DYNAMIC_NO_PIC = NO;
				GCC_NO_COMMON_BLOCKS = YES;
				GCC_OPTIMIZATION_LEVEL = 0;
				GCC_PREPROCESSOR_DEFINITIONS = (
					"DEBUG=1",
					"$(inherited)",
				);
				GCC_WARN_64_TO_32_BIT_CONVERSION = YES;
				GCC_WARN_ABOUT_RETURN_TYPE = YES_ERROR;
				GCC_WARN_UNDECLARED_SELECTOR = YES;
				GCC_WARN_UNINITIALIZED_AUTOS = YES_AGGRESSIVE;
				GCC_WARN_UNUSED_FUNCTION = YES;
				GCC_WARN_UNUSED_VARIABLE = YES;
				IPHONEOS_DEPLOYMENT_TARGET = 10.3;
				MTL_ENABLE_DEBUG_INFO = YES;
				ONLY_ACTIVE_ARCH = YES;
				SDKROOT = iphoneos;
				TARGETED_DEVICE_FAMILY = "1,2";
			};
			name = Debug;
		};
		846B9DF31F4C1C97000D5FBC /* Release */ = {
			isa = XCBuildConfiguration;
			buildSettings = {
				ALWAYS_SEARCH_USER_PATHS = NO;
				CLANG_ANALYZER_NONNULL = YES;
				CLANG_ANALYZER_NUMBER_OBJECT_CONVERSION = YES_AGGRESSIVE;
				CLANG_CXX_LANGUAGE_STANDARD = "gnu++0x";
				CLANG_CXX_LIBRARY = "libc++";
				CLANG_ENABLE_MODULES = YES;
				CLANG_ENABLE_OBJC_ARC = YES;
				CLANG_WARN_BOOL_CONVERSION = YES;
				CLANG_WARN_CONSTANT_CONVERSION = YES;
				CLANG_WARN_DIRECT_OBJC_ISA_USAGE = YES_ERROR;
				CLANG_WARN_DOCUMENTATION_COMMENTS = YES;
				CLANG_WARN_EMPTY_BODY = YES;
				CLANG_WARN_ENUM_CONVERSION = YES;
				CLANG_WARN_INFINITE_RECURSION = YES;
				CLANG_WARN_INT_CONVERSION = YES;
				CLANG_WARN_OBJC_ROOT_CLASS = YES_ERROR;
				CLANG_WARN_SUSPICIOUS_MOVE = YES;
				CLANG_WARN_UNREACHABLE_CODE = YES;
				CLANG_WARN__DUPLICATE_METHOD_MATCH = YES;
				"CODE_SIGN_IDENTITY[sdk=iphoneos*]" = "iPhone Developer";
				COPY_PHASE_STRIP = NO;
				DEBUG_INFORMATION_FORMAT = "dwarf-with-dsym";
				ENABLE_NS_ASSERTIONS = NO;
				ENABLE_STRICT_OBJC_MSGSEND = YES;
				GCC_C_LANGUAGE_STANDARD = gnu99;
				GCC_NO_COMMON_BLOCKS = YES;
				GCC_WARN_64_TO_32_BIT_CONVERSION = YES;
				GCC_WARN_ABOUT_RETURN_TYPE = YES_ERROR;
				GCC_WARN_UNDECLARED_SELECTOR = YES;
				GCC_WARN_UNINITIALIZED_AUTOS = YES_AGGRESSIVE;
				GCC_WARN_UNUSED_FUNCTION = YES;
				GCC_WARN_UNUSED_VARIABLE = YES;
				IPHONEOS_DEPLOYMENT_TARGET = 10.3;
				MTL_ENABLE_DEBUG_INFO = NO;
				SDKROOT = iphoneos;
				TARGETED_DEVICE_FAMILY = "1,2";
				VALIDATE_PRODUCT = YES;
			};
			name = Release;
		};
		846B9DF51F4C1C97000D5FBC /* Debug */ = {
			isa = XCBuildConfiguration;
			buildSettings = {
				ASSETCATALOG_COMPILER_APPICON_NAME = AppIcon;
				DEVELOPMENT_TEAM = 92VJ2PPP4A;
				INFOPLIST_FILE = Fonts/Info.plist;
				LD_RUNPATH_SEARCH_PATHS = "$(inherited) @executable_path/Frameworks";
				PRODUCT_BUNDLE_IDENTIFIER = com.fiscrd2app.Fonts;
				PRODUCT_NAME = "$(TARGET_NAME)";
			};
			name = Debug;
		};
		846B9DF61F4C1C97000D5FBC /* Release */ = {
			isa = XCBuildConfiguration;
			buildSettings = {
				ASSETCATALOG_COMPILER_APPICON_NAME = AppIcon;
				DEVELOPMENT_TEAM = 92VJ2PPP4A;
				INFOPLIST_FILE = Fonts/Info.plist;
				LD_RUNPATH_SEARCH_PATHS = "$(inherited) @executable_path/Frameworks";
				PRODUCT_BUNDLE_IDENTIFIER = com.fiscrd2app.Fonts;
				PRODUCT_NAME = "$(TARGET_NAME)";
			};
			name = Release;
		};
/* End XCBuildConfiguration section */

/* Begin XCConfigurationList section */
		846B9DD81F4C1C96000D5FBC /* Build configuration list for PBXProject "Fonts" */ = {
			isa = XCConfigurationList;
			buildConfigurations = (
				846B9DF21F4C1C97000D5FBC /* Debug */,
				846B9DF31F4C1C97000D5FBC /* Release */,
			);
			defaultConfigurationIsVisible = 0;
			defaultConfigurationName = Release;
		};
		846B9DF41F4C1C97000D5FBC /* Build configuration list for PBXNativeTarget "Fonts" */ = {
			isa = XCConfigurationList;
			buildConfigurations = (
				846B9DF51F4C1C97000D5FBC /* Debug */,
				846B9DF61F4C1C97000D5FBC /* Release */,
			);
			defaultConfigurationIsVisible = 0;
			defaultConfigurationName = Release;
		};
/* End XCConfigurationList section */
	};
	rootObject = 846B9DD51F4C1C96000D5FBC /* Project object */;
}
