// !$*UTF8*$!
{
	archiveVersion = 1;
	classes = {
	};
	objectVersion = 46;
	objects = {

/* Begin PBXBuildFile section */
		846CDE2A1F43F26C00858A7E /* main.m in Sources */ = {isa = PBXBuildFile; fileRef = 846CDE291F43F26C00858A7E /* main.m */; };
		846CDE2D1F43F26C00858A7E /* AppDelegate.m in Sources */ = {isa = PBXBuildFile; fileRef = 846CDE2C1F43F26C00858A7E /* AppDelegate.m */; };
		846CDE301F43F26C00858A7E /* ViewController.m in Sources */ = {isa = PBXBuildFile; fileRef = 846CDE2F1F43F26C00858A7E /* ViewController.m */; };
		846CDE331F43F26C00858A7E /* Main.storyboard in Resources */ = {isa = PBXBuildFile; fileRef = 846CDE311F43F26C00858A7E /* Main.storyboard */; };
		846CDE351F43F26C00858A7E /* Assets.xcassets in Resources */ = {isa = PBXBuildFile; fileRef = 846CDE341F43F26C00858A7E /* Assets.xcassets */; };
		846CDE381F43F26C00858A7E /* LaunchScreen.storyboard in Resources */ = {isa = PBXBuildFile; fileRef = 846CDE361F43F26C00858A7E /* LaunchScreen.storyboard */; };
/* End PBXBuildFile section */

/* Begin PBXFileReference section */
		846CDE251F43F26C00858A7E /* Chap01.app */ = {isa = PBXFileReference; explicitFileType = wrapper.application; includeInIndex = 0; path = Chap01.app; sourceTree = BUILT_PRODUCTS_DIR; };
		846CDE291F43F26C00858A7E /* main.m */ = {isa = PBXFileReference; lastKnownFileType = sourcecode.c.objc; path = main.m; sourceTree = "<group>"; };
		846CDE2B1F43F26C00858A7E /* AppDelegate.h */ = {isa = PBXFileReference; lastKnownFileType = sourcecode.c.h; path = AppDelegate.h; sourceTree = "<group>"; };
		846CDE2C1F43F26C00858A7E /* AppDelegate.m */ = {isa = PBXFileReference; lastKnownFileType = sourcecode.c.objc; path = AppDelegate.m; sourceTree = "<group>"; };
		846CDE2E1F43F26C00858A7E /* ViewController.h */ = {isa = PBXFileReference; lastKnownFileType = sourcecode.c.h; path = ViewController.h; sourceTree = "<group>"; };
		846CDE2F1F43F26C00858A7E /* ViewController.m */ = {isa = PBXFileReference; lastKnownFileType = sourcecode.c.objc; path = ViewController.m; sourceTree = "<group>"; };
		846CDE321F43F26C00858A7E /* Base */ = {isa = PBXFileReference; lastKnownFileType = file.storyboard; name = Base; path = Base.lproj/Main.storyboard; sourceTree = "<group>"; };
		846CDE341F43F26C00858A7E /* Assets.xcassets */ = {isa = PBXFileReference; lastKnownFileType = folder.assetcatalog; path = Assets.xcassets; sourceTree = "<group>"; };
		846CDE371F43F26C00858A7E /* Base */ = {isa = PBXFileReference; lastKnownFileType = file.storyboard; name = Base; path = Base.lproj/LaunchScreen.storyboard; sourceTree = "<group>"; };
		846CDE391F43F26C00858A7E /* Info.plist */ = {isa = PBXFileReference; lastKnownFileType = text.plist.xml; path = Info.plist; sourceTree = "<group>"; };
/* End PBXFileReference section */

/* Begin PBXFrameworksBuildPhase section */
		846CDE221F43F26C00858A7E /* Frameworks */ = {
			isa = PBXFrameworksBuildPhase;
			buildActionMask = 2147483647;
			files = (
			);
			runOnlyForDeploymentPostprocessing = 0;
		};
/* End PBXFrameworksBuildPhase section */

/* Begin PBXGroup section */
		846CDE1C1F43F26C00858A7E = {
			isa = PBXGroup;
			children = (
				846CDE271F43F26C00858A7E /* Chap01 */,
				846CDE261F43F26C00858A7E /* Products */,
			);
			sourceTree = "<group>";
		};
		846CDE261F43F26C00858A7E /* Products */ = {
			isa = PBXGroup;
			children = (
				846CDE251F43F26C00858A7E /* Chap01.app */,
			);
			name = Products;
			sourceTree = "<group>";
		};
		846CDE271F43F26C00858A7E /* Chap01 */ = {
			isa = PBXGroup;
			children = (
				846CDE2B1F43F26C00858A7E /* AppDelegate.h */,
				846CDE2C1F43F26C00858A7E /* AppDelegate.m */,
				846CDE2E1F43F26C00858A7E /* ViewController.h */,
				846CDE2F1F43F26C00858A7E /* ViewController.m */,
				846CDE311F43F26C00858A7E /* Main.storyboard */,
				846CDE341F43F26C00858A7E /* Assets.xcassets */,
				846CDE361F43F26C00858A7E /* LaunchScreen.storyboard */,
				846CDE391F43F26C00858A7E /* Info.plist */,
				846CDE281F43F26C00858A7E /* Supporting Files */,
			);
			path = Chap01;
			sourceTree = "<group>";
		};
		846CDE281F43F26C00858A7E /* Supporting Files */ = {
			isa = PBXGroup;
			children = (
				846CDE291F43F26C00858A7E /* main.m */,
			);
			name = "Supporting Files";
			sourceTree = "<group>";
		};
/* End PBXGroup section */

/* Begin PBXNativeTarget section */
		846CDE241F43F26C00858A7E /* Chap01 */ = {
			isa = PBXNativeTarget;
			buildConfigurationList = 846CDE3C1F43F26C00858A7E /* Build configuration list for PBXNativeTarget "Chap01" */;
			buildPhases = (
				846CDE211F43F26C00858A7E /* Sources */,
				846CDE221F43F26C00858A7E /* Frameworks */,
				846CDE231F43F26C00858A7E /* Resources */,
			);
			buildRules = (
			);
			dependencies = (
			);
			name = Chap01;
			productName = Chap01;
			productReference = 846CDE251F43F26C00858A7E /* Chap01.app */;
			productType = "com.apple.product-type.application";
		};
/* End PBXNativeTarget section */

/* Begin PBXProject section */
		846CDE1D1F43F26C00858A7E /* Project object */ = {
			isa = PBXProject;
			attributes = {
				LastUpgradeCheck = 0830;
				ORGANIZATIONNAME = FISC;
				TargetAttributes = {
					846CDE241F43F26C00858A7E = {
						CreatedOnToolsVersion = 8.3.3;
						DevelopmentTeam = 92VJ2PPP4A;
						ProvisioningStyle = Automatic;
					};
				};
			};
			buildConfigurationList = 846CDE201F43F26C00858A7E /* Build configuration list for PBXProject "Chap01" */;
			compatibilityVersion = "Xcode 3.2";
			developmentRegion = English;
			hasScannedForEncodings = 0;
			knownRegions = (
				en,
				Base,
			);
			mainGroup = 846CDE1C1F43F26C00858A7E;
			productRefGroup = 846CDE261F43F26C00858A7E /* Products */;
			projectDirPath = "";
			projectRoot = "";
			targets = (
				846CDE241F43F26C00858A7E /* Chap01 */,
			);
		};
/* End PBXProject section */

/* Begin PBXResourcesBuildPhase section */
		846CDE231F43F26C00858A7E /* Resources */ = {
			isa = PBXResourcesBuildPhase;
			buildActionMask = 2147483647;
			files = (
				846CDE381F43F26C00858A7E /* LaunchScreen.storyboard in Resources */,
				846CDE351F43F26C00858A7E /* Assets.xcassets in Resources */,
				846CDE331F43F26C00858A7E /* Main.storyboard in Resources */,
			);
			runOnlyForDeploymentPostprocessing = 0;
		};
/* End PBXResourcesBuildPhase section */

/* Begin PBXSourcesBuildPhase section */
		846CDE211F43F26C00858A7E /* Sources */ = {
			isa = PBXSourcesBuildPhase;
			buildActionMask = 2147483647;
			files = (
				846CDE301F43F26C00858A7E /* ViewController.m in Sources */,
				846CDE2D1F43F26C00858A7E /* AppDelegate.m in Sources */,
				846CDE2A1F43F26C00858A7E /* main.m in Sources */,
			);
			runOnlyForDeploymentPostprocessing = 0;
		};
/* End PBXSourcesBuildPhase section */

/* Begin PBXVariantGroup section */
		846CDE311F43F26C00858A7E /* Main.storyboard */ = {
			isa = PBXVariantGroup;
			children = (
				846CDE321F43F26C00858A7E /* Base */,
			);
			name = Main.storyboard;
			sourceTree = "<group>";
		};
		846CDE361F43F26C00858A7E /* LaunchScreen.storyboard */ = {
			isa = PBXVariantGroup;
			children = (
				846CDE371F43F26C00858A7E /* Base */,
			);
			name = LaunchScreen.storyboard;
			sourceTree = "<group>";
		};
/* End PBXVariantGroup section */

/* Begin XCBuildConfiguration section */
		846CDE3A1F43F26C00858A7E /* Debug */ = {
			isa = XCBuildConfiguration;
			buildSettings = {
				ALWAYS_SEARCH_USER_PATHS = NO;
				CLANG_ANALYZER_NONNULL = YES;
				CLANG_ANALYZER_NUMBER_OBJECT_CONVERSION = YES_AGGRESSIVE;
				CLANG_CXX_LANGUAGE_STANDARD = "gnu++0x";
				CLANG_CXX_LIBRARY = "libc++";
				CLANG_ENABLE_MODULES = YES;
				CLANG_ENABLE_OBJC_ARC = YES;
				CLANG_WARN_BOOL_CONVERSION = YES;
				CLANG_WARN_CONSTANT_CONVERSION = YES;
				CLANG_WARN_DIRECT_OBJC_ISA_USAGE = YES_ERROR;
				CLANG_WARN_DOCUMENTATION_COMMENTS = YES;
				CLANG_WARN_EMPTY_BODY = YES;
				CLANG_WARN_ENUM_CONVERSION = YES;
				CLANG_WARN_INFINITE_RECURSION = YES;
				CLANG_WARN_INT_CONVERSION = YES;
				CLANG_WARN_OBJC_ROOT_CLASS = YES_ERROR;
				CLANG_WARN_SUSPICIOUS_MOVE = YES;
				CLANG_WARN_UNREACHABLE_CODE = YES;
				CLANG_WARN__DUPLICATE_METHOD_MATCH = YES;
				"CODE_SIGN_IDENTITY[sdk=iphoneos*]" = "iPhone Developer";
				COPY_PHASE_STRIP = NO;
				DEBUG_INFORMATION_FORMAT = dwarf;
				ENABLE_STRICT_OBJC_MSGSEND = YES;
				ENABLE_TESTABILITY = YES;
				GCC_C_LANGUAGE_STANDARD = gnu99;
				GCC_DYNAMIC_NO_PIC = NO;
				GCC_NO_COMMON_BLOCKS = YES;
				GCC_OPTIMIZATION_LEVEL = 0;
				GCC_PREPROCESSOR_DEFINITIONS = (
					"DEBUG=1",
					"$(inherited)",
				);
				GCC_WARN_64_TO_32_BIT_CONVERSION = YES;
				GCC_WARN_ABOUT_RETURN_TYPE = YES_ERROR;
				GCC_WARN_UNDECLARED_SELECTOR = YES;
				GCC_WARN_UNINITIALIZED_AUTOS = YES_AGGRESSIVE;
				GCC_WARN_UNUSED_FUNCTION = YES;
				GCC_WARN_UNUSED_VARIABLE = YES;
				IPHONEOS_DEPLOYMENT_TARGET = 10.3;
				MTL_ENABLE_DEBUG_INFO = YES;
				ONLY_ACTIVE_ARCH = YES;
				SDKROOT = iphoneos;
			};
			name = Debug;
		};
		846CDE3B1F43F26C00858A7E /* Release */ = {
			isa = XCBuildConfiguration;
			buildSettings = {
				ALWAYS_SEARCH_USER_PATHS = NO;
				CLANG_ANALYZER_NONNULL = YES;
				CLANG_ANALYZER_NUMBER_OBJECT_CONVERSION = YES_AGGRESSIVE;
				CLANG_CXX_LANGUAGE_STANDARD = "gnu++0x";
				CLANG_CXX_LIBRARY = "libc++";
				CLANG_ENABLE_MODULES = YES;
				CLANG_ENABLE_OBJC_ARC = YES;
				CLANG_WARN_BOOL_CONVERSION = YES;
				CLANG_WARN_CONSTANT_CONVERSION = YES;
				CLANG_WARN_DIRECT_OBJC_ISA_USAGE = YES_ERROR;
				CLANG_WARN_DOCUMENTATION_COMMENTS = YES;
				CLANG_WARN_EMPTY_BODY = YES;
				CLANG_WARN_ENUM_CONVERSION = YES;
				CLANG_WARN_INFINITE_RECURSION = YES;
				CLANG_WARN_INT_CONVERSION = YES;
				CLANG_WARN_OBJC_ROOT_CLASS = YES_ERROR;
				CLANG_WARN_SUSPICIOUS_MOVE = YES;
				CLANG_WARN_UNREACHABLE_CODE = YES;
				CLANG_WARN__DUPLICATE_METHOD_MATCH = YES;
				"CODE_SIGN_IDENTITY[sdk=iphoneos*]" = "iPhone Developer";
				COPY_PHASE_STRIP = NO;
				DEBUG_INFORMATION_FORMAT = "dwarf-with-dsym";
				ENABLE_NS_ASSERTIONS = NO;
				ENABLE_STRICT_OBJC_MSGSEND = YES;
				GCC_C_LANGUAGE_STANDARD = gnu99;
				GCC_NO_COMMON_BLOCKS = YES;
				GCC_WARN_64_TO_32_BIT_CONVERSION = YES;
				GCC_WARN_ABOUT_RETURN_TYPE = YES_ERROR;
				GCC_WARN_UNDECLARED_SELECTOR = YES;
				GCC_WARN_UNINITIALIZED_AUTOS = YES_AGGRESSIVE;
				GCC_WARN_UNUSED_FUNCTION = YES;
				GCC_WARN_UNUSED_VARIABLE = YES;
				IPHONEOS_DEPLOYMENT_TARGET = 10.3;
				MTL_ENABLE_DEBUG_INFO = NO;
				SDKROOT = iphoneos;
				VALIDATE_PRODUCT = YES;
			};
			name = Release;
		};
		846CDE3D1F43F26C00858A7E /* Debug */ = {
			isa = XCBuildConfiguration;
			buildSettings = {
				ASSETCATALOG_COMPILER_APPICON_NAME = AppIcon;
				DEVELOPMENT_TEAM = 92VJ2PPP4A;
				INFOPLIST_FILE = Chap01/Info.plist;
				LD_RUNPATH_SEARCH_PATHS = "$(inherited) @executable_path/Frameworks";
				PRODUCT_BUNDLE_IDENTIFIER = com.fiscrd2app.Chap01;
				PRODUCT_NAME = "$(TARGET_NAME)";
			};
			name = Debug;
		};
		846CDE3E1F43F26C00858A7E /* Release */ = {
			isa = XCBuildConfiguration;
			buildSettings = {
				ASSETCATALOG_COMPILER_APPICON_NAME = AppIcon;
				DEVELOPMENT_TEAM = 92VJ2PPP4A;
				INFOPLIST_FILE = Chap01/Info.plist;
				LD_RUNPATH_SEARCH_PATHS = "$(inherited) @executable_path/Frameworks";
				PRODUCT_BUNDLE_IDENTIFIER = com.fiscrd2app.Chap01;
				PRODUCT_NAME = "$(TARGET_NAME)";
			};
			name = Release;
		};
/* End XCBuildConfiguration section */

/* Begin XCConfigurationList section */
		846CDE201F43F26C00858A7E /* Build configuration list for PBXProject "Chap01" */ = {
			isa = XCConfigurationList;
			buildConfigurations = (
				846CDE3A1F43F26C00858A7E /* Debug */,
				846CDE3B1F43F26C00858A7E /* Release */,
			);
			defaultConfigurationIsVisible = 0;
			defaultConfigurationName = Release;
		};
		846CDE3C1F43F26C00858A7E /* Build configuration list for PBXNativeTarget "Chap01" */ = {
			isa = XCConfigurationList;
			buildConfigurations = (
				846CDE3D1F43F26C00858A7E /* Debug */,
				846CDE3E1F43F26C00858A7E /* Release */,
			);
			defaultConfigurationIsVisible = 0;
		};
/* End XCConfigurationList section */
	};
	rootObject = 846CDE1D1F43F26C00858A7E /* Project object */;
}
