// !$*UTF8*$!
{
	archiveVersion = 1;
	classes = {
	};
	objectVersion = 46;
	objects = {

/* Begin PBXBuildFile section */
		EA2909791F45D7A000F345FB /* main.m in Sources */ = {isa = PBXBuildFile; fileRef = EA2909781F45D7A000F345FB /* main.m */; };
		EA29097C1F45D7A000F345FB /* AppDelegate.m in Sources */ = {isa = PBXBuildFile; fileRef = EA29097B1F45D7A000F345FB /* AppDelegate.m */; };
		EA29097F1F45D7A000F345FB /* ViewController.m in Sources */ = {isa = PBXBuildFile; fileRef = EA29097E1F45D7A000F345FB /* ViewController.m */; };
		EA2909821F45D7A000F345FB /* Main.storyboard in Resources */ = {isa = PBXBuildFile; fileRef = EA2909801F45D7A000F345FB /* Main.storyboard */; };
		EA2909841F45D7A000F345FB /* Assets.xcassets in Resources */ = {isa = PBXBuildFile; fileRef = EA2909831F45D7A000F345FB /* Assets.xcassets */; };
		EA2909871F45D7A000F345FB /* LaunchScreen.storyboard in Resources */ = {isa = PBXBuildFile; fileRef = EA2909851F45D7A000F345FB /* LaunchScreen.storyboard */; };
/* End PBXBuildFile section */

/* Begin PBXFileReference section */
		EA2909741F45D7A000F345FB /* Autosize.app */ = {isa = PBXFileReference; explicitFileType = wrapper.application; includeInIndex = 0; path = Autosize.app; sourceTree = BUILT_PRODUCTS_DIR; };
		EA2909781F45D7A000F345FB /* main.m */ = {isa = PBXFileReference; lastKnownFileType = sourcecode.c.objc; path = main.m; sourceTree = "<group>"; };
		EA29097A1F45D7A000F345FB /* AppDelegate.h */ = {isa = PBXFileReference; lastKnownFileType = sourcecode.c.h; path = AppDelegate.h; sourceTree = "<group>"; };
		EA29097B1F45D7A000F345FB /* AppDelegate.m */ = {isa = PBXFileReference; lastKnownFileType = sourcecode.c.objc; path = AppDelegate.m; sourceTree = "<group>"; };
		EA29097D1F45D7A000F345FB /* ViewController.h */ = {isa = PBXFileReference; lastKnownFileType = sourcecode.c.h; path = ViewController.h; sourceTree = "<group>"; };
		EA29097E1F45D7A000F345FB /* ViewController.m */ = {isa = PBXFileReference; lastKnownFileType = sourcecode.c.objc; path = ViewController.m; sourceTree = "<group>"; };
		EA2909811F45D7A000F345FB /* Base */ = {isa = PBXFileReference; lastKnownFileType = file.storyboard; name = Base; path = Base.lproj/Main.storyboard; sourceTree = "<group>"; };
		EA2909831F45D7A000F345FB /* Assets.xcassets */ = {isa = PBXFileReference; lastKnownFileType = folder.assetcatalog; path = Assets.xcassets; sourceTree = "<group>"; };
		EA2909861F45D7A000F345FB /* Base */ = {isa = PBXFileReference; lastKnownFileType = file.storyboard; name = Base; path = Base.lproj/LaunchScreen.storyboard; sourceTree = "<group>"; };
		EA2909881F45D7A000F345FB /* Info.plist */ = {isa = PBXFileReference; lastKnownFileType = text.plist.xml; path = Info.plist; sourceTree = "<group>"; };
/* End PBXFileReference section */

/* Begin PBXFrameworksBuildPhase section */
		EA2909711F45D7A000F345FB /* Frameworks */ = {
			isa = PBXFrameworksBuildPhase;
			buildActionMask = 2147483647;
			files = (
			);
			runOnlyForDeploymentPostprocessing = 0;
		};
/* End PBXFrameworksBuildPhase section */

/* Begin PBXGroup section */
		EA29096B1F45D7A000F345FB = {
			isa = PBXGroup;
			children = (
				EA2909761F45D7A000F345FB /* Autosize */,
				EA2909751F45D7A000F345FB /* Products */,
			);
			sourceTree = "<group>";
		};
		EA2909751F45D7A000F345FB /* Products */ = {
			isa = PBXGroup;
			children = (
				EA2909741F45D7A000F345FB /* Autosize.app */,
			);
			name = Products;
			sourceTree = "<group>";
		};
		EA2909761F45D7A000F345FB /* Autosize */ = {
			isa = PBXGroup;
			children = (
				EA29097A1F45D7A000F345FB /* AppDelegate.h */,
				EA29097B1F45D7A000F345FB /* AppDelegate.m */,
				EA29097D1F45D7A000F345FB /* ViewController.h */,
				EA29097E1F45D7A000F345FB /* ViewController.m */,
				EA2909801F45D7A000F345FB /* Main.storyboard */,
				EA2909831F45D7A000F345FB /* Assets.xcassets */,
				EA2909851F45D7A000F345FB /* LaunchScreen.storyboard */,
				EA2909881F45D7A000F345FB /* Info.plist */,
				EA2909771F45D7A000F345FB /* Supporting Files */,
			);
			path = Autosize;
			sourceTree = "<group>";
		};
		EA2909771F45D7A000F345FB /* Supporting Files */ = {
			isa = PBXGroup;
			children = (
				EA2909781F45D7A000F345FB /* main.m */,
			);
			name = "Supporting Files";
			sourceTree = "<group>";
		};
/* End PBXGroup section */

/* Begin PBXNativeTarget section */
		EA2909731F45D7A000F345FB /* Autosize */ = {
			isa = PBXNativeTarget;
			buildConfigurationList = EA29098B1F45D7A000F345FB /* Build configuration list for PBXNativeTarget "Autosize" */;
			buildPhases = (
				EA2909701F45D7A000F345FB /* Sources */,
				EA2909711F45D7A000F345FB /* Frameworks */,
				EA2909721F45D7A000F345FB /* Resources */,
			);
			buildRules = (
			);
			dependencies = (
			);
			name = Autosize;
			productName = Autosize;
			productReference = EA2909741F45D7A000F345FB /* Autosize.app */;
			productType = "com.apple.product-type.application";
		};
/* End PBXNativeTarget section */

/* Begin PBXProject section */
		EA29096C1F45D7A000F345FB /* Project object */ = {
			isa = PBXProject;
			attributes = {
				LastUpgradeCheck = 0830;
				ORGANIZATIONNAME = Tony;
				TargetAttributes = {
					EA2909731F45D7A000F345FB = {
						CreatedOnToolsVersion = 8.3.3;
						DevelopmentTeam = 92VJ2PPP4A;
						ProvisioningStyle = Automatic;
					};
				};
			};
			buildConfigurationList = EA29096F1F45D7A000F345FB /* Build configuration list for PBXProject "Autosize" */;
			compatibilityVersion = "Xcode 3.2";
			developmentRegion = English;
			hasScannedForEncodings = 0;
			knownRegions = (
				en,
				Base,
			);
			mainGroup = EA29096B1F45D7A000F345FB;
			productRefGroup = EA2909751F45D7A000F345FB /* Products */;
			projectDirPath = "";
			projectRoot = "";
			targets = (
				EA2909731F45D7A000F345FB /* Autosize */,
			);
		};
/* End PBXProject section */

/* Begin PBXResourcesBuildPhase section */
		EA2909721F45D7A000F345FB /* Resources */ = {
			isa = PBXResourcesBuildPhase;
			buildActionMask = 2147483647;
			files = (
				EA2909871F45D7A000F345FB /* LaunchScreen.storyboard in Resources */,
				EA2909841F45D7A000F345FB /* Assets.xcassets in Resources */,
				EA2909821F45D7A000F345FB /* Main.storyboard in Resources */,
			);
			runOnlyForDeploymentPostprocessing = 0;
		};
/* End PBXResourcesBuildPhase section */

/* Begin PBXSourcesBuildPhase section */
		EA2909701F45D7A000F345FB /* Sources */ = {
			isa = PBXSourcesBuildPhase;
			buildActionMask = 2147483647;
			files = (
				EA29097F1F45D7A000F345FB /* ViewController.m in Sources */,
				EA29097C1F45D7A000F345FB /* AppDelegate.m in Sources */,
				EA2909791F45D7A000F345FB /* main.m in Sources */,
			);
			runOnlyForDeploymentPostprocessing = 0;
		};
/* End PBXSourcesBuildPhase section */

/* Begin PBXVariantGroup section */
		EA2909801F45D7A000F345FB /* Main.storyboard */ = {
			isa = PBXVariantGroup;
			children = (
				EA2909811F45D7A000F345FB /* Base */,
			);
			name = Main.storyboard;
			sourceTree = "<group>";
		};
		EA2909851F45D7A000F345FB /* LaunchScreen.storyboard */ = {
			isa = PBXVariantGroup;
			children = (
				EA2909861F45D7A000F345FB /* Base */,
			);
			name = LaunchScreen.storyboard;
			sourceTree = "<group>";
		};
/* End PBXVariantGroup section */

/* Begin XCBuildConfiguration section */
		EA2909891F45D7A000F345FB /* Debug */ = {
			isa = XCBuildConfiguration;
			buildSettings = {
				ALWAYS_SEARCH_USER_PATHS = NO;
				CLANG_ANALYZER_NONNULL = YES;
				CLANG_ANALYZER_NUMBER_OBJECT_CONVERSION = YES_AGGRESSIVE;
				CLANG_CXX_LANGUAGE_STANDARD = "gnu++0x";
				CLANG_CXX_LIBRARY = "libc++";
				CLANG_ENABLE_MODULES = YES;
				CLANG_ENABLE_OBJC_ARC = YES;
				CLANG_WARN_BOOL_CONVERSION = YES;
				CLANG_WARN_CONSTANT_CONVERSION = YES;
				CLANG_WARN_DIRECT_OBJC_ISA_USAGE = YES_ERROR;
				CLANG_WARN_DOCUMENTATION_COMMENTS = YES;
				CLANG_WARN_EMPTY_BODY = YES;
				CLANG_WARN_ENUM_CONVERSION = YES;
				CLANG_WARN_INFINITE_RECURSION = YES;
				CLANG_WARN_INT_CONVERSION = YES;
				CLANG_WARN_OBJC_ROOT_CLASS = YES_ERROR;
				CLANG_WARN_SUSPICIOUS_MOVE = YES;
				CLANG_WARN_UNREACHABLE_CODE = YES;
				CLANG_WARN__DUPLICATE_METHOD_MATCH = YES;
				"CODE_SIGN_IDENTITY[sdk=iphoneos*]" = "iPhone Developer";
				COPY_PHASE_STRIP = NO;
				DEBUG_INFORMATION_FORMAT = dwarf;
				ENABLE_STRICT_OBJC_MSGSEND = YES;
				ENABLE_TESTABILITY = YES;
				GCC_C_LANGUAGE_STANDARD = gnu99;
				GCC_DYNAMIC_NO_PIC = NO;
				GCC_NO_COMMON_BLOCKS = YES;
				GCC_OPTIMIZATION_LEVEL = 0;
				GCC_PREPROCESSOR_DEFINITIONS = (
					"DEBUG=1",
					"$(inherited)",
				);
				GCC_WARN_64_TO_32_BIT_CONVERSION = YES;
				GCC_WARN_ABOUT_RETURN_TYPE = YES_ERROR;
				GCC_WARN_UNDECLARED_SELECTOR = YES;
				GCC_WARN_UNINITIALIZED_AUTOS = YES_AGGRESSIVE;
				GCC_WARN_UNUSED_FUNCTION = YES;
				GCC_WARN_UNUSED_VARIABLE = YES;
				IPHONEOS_DEPLOYMENT_TARGET = 10.3;
				MTL_ENABLE_DEBUG_INFO = YES;
				ONLY_ACTIVE_ARCH = YES;
				SDKROOT = iphoneos;
				TARGETED_DEVICE_FAMILY = "1,2";
			};
			name = Debug;
		};
		EA29098A1F45D7A000F345FB /* Release */ = {
			isa = XCBuildConfiguration;
			buildSettings = {
				ALWAYS_SEARCH_USER_PATHS = NO;
				CLANG_ANALYZER_NONNULL = YES;
				CLANG_ANALYZER_NUMBER_OBJECT_CONVERSION = YES_AGGRESSIVE;
				CLANG_CXX_LANGUAGE_STANDARD = "gnu++0x";
				CLANG_CXX_LIBRARY = "libc++";
				CLANG_ENABLE_MODULES = YES;
				CLANG_ENABLE_OBJC_ARC = YES;
				CLANG_WARN_BOOL_CONVERSION = YES;
				CLANG_WARN_CONSTANT_CONVERSION = YES;
				CLANG_WARN_DIRECT_OBJC_ISA_USAGE = YES_ERROR;
				CLANG_WARN_DOCUMENTATION_COMMENTS = YES;
				CLANG_WARN_EMPTY_BODY = YES;
				CLANG_WARN_ENUM_CONVERSION = YES;
				CLANG_WARN_INFINITE_RECURSION = YES;
				CLANG_WARN_INT_CONVERSION = YES;
				CLANG_WARN_OBJC_ROOT_CLASS = YES_ERROR;
				CLANG_WARN_SUSPICIOUS_MOVE = YES;
				CLANG_WARN_UNREACHABLE_CODE = YES;
				CLANG_WARN__DUPLICATE_METHOD_MATCH = YES;
				"CODE_SIGN_IDENTITY[sdk=iphoneos*]" = "iPhone Developer";
				COPY_PHASE_STRIP = NO;
				DEBUG_INFORMATION_FORMAT = "dwarf-with-dsym";
				ENABLE_NS_ASSERTIONS = NO;
				ENABLE_STRICT_OBJC_MSGSEND = YES;
				GCC_C_LANGUAGE_STANDARD = gnu99;
				GCC_NO_COMMON_BLOCKS = YES;
				GCC_WARN_64_TO_32_BIT_CONVERSION = YES;
				GCC_WARN_ABOUT_RETURN_TYPE = YES_ERROR;
				GCC_WARN_UNDECLARED_SELECTOR = YES;
				GCC_WARN_UNINITIALIZED_AUTOS = YES_AGGRESSIVE;
				GCC_WARN_UNUSED_FUNCTION = YES;
				GCC_WARN_UNUSED_VARIABLE = YES;
				IPHONEOS_DEPLOYMENT_TARGET = 10.3;
				MTL_ENABLE_DEBUG_INFO = NO;
				SDKROOT = iphoneos;
				TARGETED_DEVICE_FAMILY = "1,2";
				VALIDATE_PRODUCT = YES;
			};
			name = Release;
		};
		EA29098C1F45D7A000F345FB /* Debug */ = {
			isa = XCBuildConfiguration;
			buildSettings = {
				ASSETCATALOG_COMPILER_APPICON_NAME = AppIcon;
				DEVELOPMENT_TEAM = 92VJ2PPP4A;
				INFOPLIST_FILE = Autosize/Info.plist;
				LD_RUNPATH_SEARCH_PATHS = "$(inherited) @executable_path/Frameworks";
				PRODUCT_BUNDLE_IDENTIFIER = user.tony.Autosize;
				PRODUCT_NAME = "$(TARGET_NAME)";
			};
			name = Debug;
		};
		EA29098D1F45D7A000F345FB /* Release */ = {
			isa = XCBuildConfiguration;
			buildSettings = {
				ASSETCATALOG_COMPILER_APPICON_NAME = AppIcon;
				DEVELOPMENT_TEAM = 92VJ2PPP4A;
				INFOPLIST_FILE = Autosize/Info.plist;
				LD_RUNPATH_SEARCH_PATHS = "$(inherited) @executable_path/Frameworks";
				PRODUCT_BUNDLE_IDENTIFIER = user.tony.Autosize;
				PRODUCT_NAME = "$(TARGET_NAME)";
			};
			name = Release;
		};
/* End XCBuildConfiguration section */

/* Begin XCConfigurationList section */
		EA29096F1F45D7A000F345FB /* Build configuration list for PBXProject "Autosize" */ = {
			isa = XCConfigurationList;
			buildConfigurations = (
				EA2909891F45D7A000F345FB /* Debug */,
				EA29098A1F45D7A000F345FB /* Release */,
			);
			defaultConfigurationIsVisible = 0;
			defaultConfigurationName = Release;
		};
		EA29098B1F45D7A000F345FB /* Build configuration list for PBXNativeTarget "Autosize" */ = {
			isa = XCConfigurationList;
			buildConfigurations = (
				EA29098C1F45D7A000F345FB /* Debug */,
				EA29098D1F45D7A000F345FB /* Release */,
			);
			defaultConfigurationIsVisible = 0;
		};
/* End XCConfigurationList section */
	};
	rootObject = EA29096C1F45D7A000F345FB /* Project object */;
}
