// !$*UTF8*$!
{
	archiveVersion = 1;
	classes = {
	};
	objectVersion = 46;
	objects = {

/* Begin PBXBuildFile section */
		EA84C3AD1F4B35490020D0E1 /* main.m in Sources */ = {isa = PBXBuildFile; fileRef = EA84C3AC1F4B35490020D0E1 /* main.m */; };
		EA84C3B01F4B35490020D0E1 /* AppDelegate.m in Sources */ = {isa = PBXBuildFile; fileRef = EA84C3AF1F4B35490020D0E1 /* AppDelegate.m */; };
		EA84C3B31F4B35490020D0E1 /* ViewController.m in Sources */ = {isa = PBXBuildFile; fileRef = EA84C3B21F4B35490020D0E1 /* ViewController.m */; };
		EA84C3B61F4B35490020D0E1 /* Main.storyboard in Resources */ = {isa = PBXBuildFile; fileRef = EA84C3B41F4B35490020D0E1 /* Main.storyboard */; };
		EA84C3B81F4B35490020D0E1 /* Assets.xcassets in Resources */ = {isa = PBXBuildFile; fileRef = EA84C3B71F4B35490020D0E1 /* Assets.xcassets */; };
		EA84C3BB1F4B35490020D0E1 /* LaunchScreen.storyboard in Resources */ = {isa = PBXBuildFile; fileRef = EA84C3B91F4B35490020D0E1 /* LaunchScreen.storyboard */; };
		EA84C3C41F4B357D0020D0E1 /* NameAndColorCell.m in Sources */ = {isa = PBXBuildFile; fileRef = EA84C3C31F4B357D0020D0E1 /* NameAndColorCell.m */; };
		EA84C3C61F4B36CB0020D0E1 /* NameAndColorCell.xib in Resources */ = {isa = PBXBuildFile; fileRef = EA84C3C51F4B36CB0020D0E1 /* NameAndColorCell.xib */; };
/* End PBXBuildFile section */

/* Begin PBXFileReference section */
		EA84C3A81F4B35490020D0E1 /* TableCell2.app */ = {isa = PBXFileReference; explicitFileType = wrapper.application; includeInIndex = 0; path = TableCell2.app; sourceTree = BUILT_PRODUCTS_DIR; };
		EA84C3AC1F4B35490020D0E1 /* main.m */ = {isa = PBXFileReference; lastKnownFileType = sourcecode.c.objc; path = main.m; sourceTree = "<group>"; };
		EA84C3AE1F4B35490020D0E1 /* AppDelegate.h */ = {isa = PBXFileReference; lastKnownFileType = sourcecode.c.h; path = AppDelegate.h; sourceTree = "<group>"; };
		EA84C3AF1F4B35490020D0E1 /* AppDelegate.m */ = {isa = PBXFileReference; lastKnownFileType = sourcecode.c.objc; path = AppDelegate.m; sourceTree = "<group>"; };
		EA84C3B11F4B35490020D0E1 /* ViewController.h */ = {isa = PBXFileReference; lastKnownFileType = sourcecode.c.h; path = ViewController.h; sourceTree = "<group>"; };
		EA84C3B21F4B35490020D0E1 /* ViewController.m */ = {isa = PBXFileReference; lastKnownFileType = sourcecode.c.objc; path = ViewController.m; sourceTree = "<group>"; };
		EA84C3B51F4B35490020D0E1 /* Base */ = {isa = PBXFileReference; lastKnownFileType = file.storyboard; name = Base; path = Base.lproj/Main.storyboard; sourceTree = "<group>"; };
		EA84C3B71F4B35490020D0E1 /* Assets.xcassets */ = {isa = PBXFileReference; lastKnownFileType = folder.assetcatalog; path = Assets.xcassets; sourceTree = "<group>"; };
		EA84C3BA1F4B35490020D0E1 /* Base */ = {isa = PBXFileReference; lastKnownFileType = file.storyboard; name = Base; path = Base.lproj/LaunchScreen.storyboard; sourceTree = "<group>"; };
		EA84C3BC1F4B35490020D0E1 /* Info.plist */ = {isa = PBXFileReference; lastKnownFileType = text.plist.xml; path = Info.plist; sourceTree = "<group>"; };
		EA84C3C21F4B357D0020D0E1 /* NameAndColorCell.h */ = {isa = PBXFileReference; fileEncoding = 4; lastKnownFileType = sourcecode.c.h; path = NameAndColorCell.h; sourceTree = "<group>"; };
		EA84C3C31F4B357D0020D0E1 /* NameAndColorCell.m */ = {isa = PBXFileReference; fileEncoding = 4; lastKnownFileType = sourcecode.c.objc; path = NameAndColorCell.m; sourceTree = "<group>"; };
		EA84C3C51F4B36CB0020D0E1 /* NameAndColorCell.xib */ = {isa = PBXFileReference; fileEncoding = 4; lastKnownFileType = file.xib; path = NameAndColorCell.xib; sourceTree = "<group>"; };
/* End PBXFileReference section */

/* Begin PBXFrameworksBuildPhase section */
		EA84C3A51F4B35490020D0E1 /* Frameworks */ = {
			isa = PBXFrameworksBuildPhase;
			buildActionMask = 2147483647;
			files = (
			);
			runOnlyForDeploymentPostprocessing = 0;
		};
/* End PBXFrameworksBuildPhase section */

/* Begin PBXGroup section */
		EA84C39F1F4B35490020D0E1 = {
			isa = PBXGroup;
			children = (
				EA84C3AA1F4B35490020D0E1 /* TableCell2 */,
				EA84C3A91F4B35490020D0E1 /* Products */,
			);
			sourceTree = "<group>";
		};
		EA84C3A91F4B35490020D0E1 /* Products */ = {
			isa = PBXGroup;
			children = (
				EA84C3A81F4B35490020D0E1 /* TableCell2.app */,
			);
			name = Products;
			sourceTree = "<group>";
		};
		EA84C3AA1F4B35490020D0E1 /* TableCell2 */ = {
			isa = PBXGroup;
			children = (
				EA84C3AE1F4B35490020D0E1 /* AppDelegate.h */,
				EA84C3AF1F4B35490020D0E1 /* AppDelegate.m */,
				EA84C3B11F4B35490020D0E1 /* ViewController.h */,
				EA84C3B21F4B35490020D0E1 /* ViewController.m */,
				EA84C3B41F4B35490020D0E1 /* Main.storyboard */,
				EA84C3B71F4B35490020D0E1 /* Assets.xcassets */,
				EA84C3B91F4B35490020D0E1 /* LaunchScreen.storyboard */,
				EA84C3BC1F4B35490020D0E1 /* Info.plist */,
				EA84C3AB1F4B35490020D0E1 /* Supporting Files */,
				EA84C3C21F4B357D0020D0E1 /* NameAndColorCell.h */,
				EA84C3C31F4B357D0020D0E1 /* NameAndColorCell.m */,
				EA84C3C51F4B36CB0020D0E1 /* NameAndColorCell.xib */,
			);
			path = TableCell2;
			sourceTree = "<group>";
		};
		EA84C3AB1F4B35490020D0E1 /* Supporting Files */ = {
			isa = PBXGroup;
			children = (
				EA84C3AC1F4B35490020D0E1 /* main.m */,
			);
			name = "Supporting Files";
			sourceTree = "<group>";
		};
/* End PBXGroup section */

/* Begin PBXNativeTarget section */
		EA84C3A71F4B35490020D0E1 /* TableCell2 */ = {
			isa = PBXNativeTarget;
			buildConfigurationList = EA84C3BF1F4B35490020D0E1 /* Build configuration list for PBXNativeTarget "TableCell2" */;
			buildPhases = (
				EA84C3A41F4B35490020D0E1 /* Sources */,
				EA84C3A51F4B35490020D0E1 /* Frameworks */,
				EA84C3A61F4B35490020D0E1 /* Resources */,
			);
			buildRules = (
			);
			dependencies = (
			);
			name = TableCell2;
			productName = TableCell2;
			productReference = EA84C3A81F4B35490020D0E1 /* TableCell2.app */;
			productType = "com.apple.product-type.application";
		};
/* End PBXNativeTarget section */

/* Begin PBXProject section */
		EA84C3A01F4B35490020D0E1 /* Project object */ = {
			isa = PBXProject;
			attributes = {
				LastUpgradeCheck = 0830;
				ORGANIZATIONNAME = Tony;
				TargetAttributes = {
					EA84C3A71F4B35490020D0E1 = {
						CreatedOnToolsVersion = 8.3.3;
						DevelopmentTeam = 92VJ2PPP4A;
						ProvisioningStyle = Automatic;
					};
				};
			};
			buildConfigurationList = EA84C3A31F4B35490020D0E1 /* Build configuration list for PBXProject "TableCell2" */;
			compatibilityVersion = "Xcode 3.2";
			developmentRegion = English;
			hasScannedForEncodings = 0;
			knownRegions = (
				en,
				Base,
			);
			mainGroup = EA84C39F1F4B35490020D0E1;
			productRefGroup = EA84C3A91F4B35490020D0E1 /* Products */;
			projectDirPath = "";
			projectRoot = "";
			targets = (
				EA84C3A71F4B35490020D0E1 /* TableCell2 */,
			);
		};
/* End PBXProject section */

/* Begin PBXResourcesBuildPhase section */
		EA84C3A61F4B35490020D0E1 /* Resources */ = {
			isa = PBXResourcesBuildPhase;
			buildActionMask = 2147483647;
			files = (
				EA84C3C61F4B36CB0020D0E1 /* NameAndColorCell.xib in Resources */,
				EA84C3BB1F4B35490020D0E1 /* LaunchScreen.storyboard in Resources */,
				EA84C3B81F4B35490020D0E1 /* Assets.xcassets in Resources */,
				EA84C3B61F4B35490020D0E1 /* Main.storyboard in Resources */,
			);
			runOnlyForDeploymentPostprocessing = 0;
		};
/* End PBXResourcesBuildPhase section */

/* Begin PBXSourcesBuildPhase section */
		EA84C3A41F4B35490020D0E1 /* Sources */ = {
			isa = PBXSourcesBuildPhase;
			buildActionMask = 2147483647;
			files = (
				EA84C3C41F4B357D0020D0E1 /* NameAndColorCell.m in Sources */,
				EA84C3B31F4B35490020D0E1 /* ViewController.m in Sources */,
				EA84C3B01F4B35490020D0E1 /* AppDelegate.m in Sources */,
				EA84C3AD1F4B35490020D0E1 /* main.m in Sources */,
			);
			runOnlyForDeploymentPostprocessing = 0;
		};
/* End PBXSourcesBuildPhase section */

/* Begin PBXVariantGroup section */
		EA84C3B41F4B35490020D0E1 /* Main.storyboard */ = {
			isa = PBXVariantGroup;
			children = (
				EA84C3B51F4B35490020D0E1 /* Base */,
			);
			name = Main.storyboard;
			sourceTree = "<group>";
		};
		EA84C3B91F4B35490020D0E1 /* LaunchScreen.storyboard */ = {
			isa = PBXVariantGroup;
			children = (
				EA84C3BA1F4B35490020D0E1 /* Base */,
			);
			name = LaunchScreen.storyboard;
			sourceTree = "<group>";
		};
/* End PBXVariantGroup section */

/* Begin XCBuildConfiguration section */
		EA84C3BD1F4B35490020D0E1 /* Debug */ = {
			isa = XCBuildConfiguration;
			buildSettings = {
				ALWAYS_SEARCH_USER_PATHS = NO;
				CLANG_ANALYZER_NONNULL = YES;
				CLANG_ANALYZER_NUMBER_OBJECT_CONVERSION = YES_AGGRESSIVE;
				CLANG_CXX_LANGUAGE_STANDARD = "gnu++0x";
				CLANG_CXX_LIBRARY = "libc++";
				CLANG_ENABLE_MODULES = YES;
				CLANG_ENABLE_OBJC_ARC = YES;
				CLANG_WARN_BOOL_CONVERSION = YES;
				CLANG_WARN_CONSTANT_CONVERSION = YES;
				CLANG_WARN_DIRECT_OBJC_ISA_USAGE = YES_ERROR;
				CLANG_WARN_DOCUMENTATION_COMMENTS = YES;
				CLANG_WARN_EMPTY_BODY = YES;
				CLANG_WARN_ENUM_CONVERSION = YES;
				CLANG_WARN_INFINITE_RECURSION = YES;
				CLANG_WARN_INT_CONVERSION = YES;
				CLANG_WARN_OBJC_ROOT_CLASS = YES_ERROR;
				CLANG_WARN_SUSPICIOUS_MOVE = YES;
				CLANG_WARN_UNREACHABLE_CODE = YES;
				CLANG_WARN__DUPLICATE_METHOD_MATCH = YES;
				"CODE_SIGN_IDENTITY[sdk=iphoneos*]" = "iPhone Developer";
				COPY_PHASE_STRIP = NO;
				DEBUG_INFORMATION_FORMAT = dwarf;
				ENABLE_STRICT_OBJC_MSGSEND = YES;
				ENABLE_TESTABILITY = YES;
				GCC_C_LANGUAGE_STANDARD = gnu99;
				GCC_DYNAMIC_NO_PIC = NO;
				GCC_NO_COMMON_BLOCKS = YES;
				GCC_OPTIMIZATION_LEVEL = 0;
				GCC_PREPROCESSOR_DEFINITIONS = (
					"DEBUG=1",
					"$(inherited)",
				);
				GCC_WARN_64_TO_32_BIT_CONVERSION = YES;
				GCC_WARN_ABOUT_RETURN_TYPE = YES_ERROR;
				GCC_WARN_UNDECLARED_SELECTOR = YES;
				GCC_WARN_UNINITIALIZED_AUTOS = YES_AGGRESSIVE;
				GCC_WARN_UNUSED_FUNCTION = YES;
				GCC_WARN_UNUSED_VARIABLE = YES;
				IPHONEOS_DEPLOYMENT_TARGET = 10.3;
				MTL_ENABLE_DEBUG_INFO = YES;
				ONLY_ACTIVE_ARCH = YES;
				SDKROOT = iphoneos;
				TARGETED_DEVICE_FAMILY = "1,2";
			};
			name = Debug;
		};
		EA84C3BE1F4B35490020D0E1 /* Release */ = {
			isa = XCBuildConfiguration;
			buildSettings = {
				ALWAYS_SEARCH_USER_PATHS = NO;
				CLANG_ANALYZER_NONNULL = YES;
				CLANG_ANALYZER_NUMBER_OBJECT_CONVERSION = YES_AGGRESSIVE;
				CLANG_CXX_LANGUAGE_STANDARD = "gnu++0x";
				CLANG_CXX_LIBRARY = "libc++";
				CLANG_ENABLE_MODULES = YES;
				CLANG_ENABLE_OBJC_ARC = YES;
				CLANG_WARN_BOOL_CONVERSION = YES;
				CLANG_WARN_CONSTANT_CONVERSION = YES;
				CLANG_WARN_DIRECT_OBJC_ISA_USAGE = YES_ERROR;
				CLANG_WARN_DOCUMENTATION_COMMENTS = YES;
				CLANG_WARN_EMPTY_BODY = YES;
				CLANG_WARN_ENUM_CONVERSION = YES;
				CLANG_WARN_INFINITE_RECURSION = YES;
				CLANG_WARN_INT_CONVERSION = YES;
				CLANG_WARN_OBJC_ROOT_CLASS = YES_ERROR;
				CLANG_WARN_SUSPICIOUS_MOVE = YES;
				CLANG_WARN_UNREACHABLE_CODE = YES;
				CLANG_WARN__DUPLICATE_METHOD_MATCH = YES;
				"CODE_SIGN_IDENTITY[sdk=iphoneos*]" = "iPhone Developer";
				COPY_PHASE_STRIP = NO;
				DEBUG_INFORMATION_FORMAT = "dwarf-with-dsym";
				ENABLE_NS_ASSERTIONS = NO;
				ENABLE_STRICT_OBJC_MSGSEND = YES;
				GCC_C_LANGUAGE_STANDARD = gnu99;
				GCC_NO_COMMON_BLOCKS = YES;
				GCC_WARN_64_TO_32_BIT_CONVERSION = YES;
				GCC_WARN_ABOUT_RETURN_TYPE = YES_ERROR;
				GCC_WARN_UNDECLARED_SELECTOR = YES;
				GCC_WARN_UNINITIALIZED_AUTOS = YES_AGGRESSIVE;
				GCC_WARN_UNUSED_FUNCTION = YES;
				GCC_WARN_UNUSED_VARIABLE = YES;
				IPHONEOS_DEPLOYMENT_TARGET = 10.3;
				MTL_ENABLE_DEBUG_INFO = NO;
				SDKROOT = iphoneos;
				TARGETED_DEVICE_FAMILY = "1,2";
				VALIDATE_PRODUCT = YES;
			};
			name = Release;
		};
		EA84C3C01F4B35490020D0E1 /* Debug */ = {
			isa = XCBuildConfiguration;
			buildSettings = {
				ASSETCATALOG_COMPILER_APPICON_NAME = AppIcon;
				DEVELOPMENT_TEAM = 92VJ2PPP4A;
				INFOPLIST_FILE = TableCell2/Info.plist;
				LD_RUNPATH_SEARCH_PATHS = "$(inherited) @executable_path/Frameworks";
				PRODUCT_BUNDLE_IDENTIFIER = user.tony.TableCell2;
				PRODUCT_NAME = "$(TARGET_NAME)";
			};
			name = Debug;
		};
		EA84C3C11F4B35490020D0E1 /* Release */ = {
			isa = XCBuildConfiguration;
			buildSettings = {
				ASSETCATALOG_COMPILER_APPICON_NAME = AppIcon;
				DEVELOPMENT_TEAM = 92VJ2PPP4A;
				INFOPLIST_FILE = TableCell2/Info.plist;
				LD_RUNPATH_SEARCH_PATHS = "$(inherited) @executable_path/Frameworks";
				PRODUCT_BUNDLE_IDENTIFIER = user.tony.TableCell2;
				PRODUCT_NAME = "$(TARGET_NAME)";
			};
			name = Release;
		};
/* End XCBuildConfiguration section */

/* Begin XCConfigurationList section */
		EA84C3A31F4B35490020D0E1 /* Build configuration list for PBXProject "TableCell2" */ = {
			isa = XCConfigurationList;
			buildConfigurations = (
				EA84C3BD1F4B35490020D0E1 /* Debug */,
				EA84C3BE1F4B35490020D0E1 /* Release */,
			);
			defaultConfigurationIsVisible = 0;
			defaultConfigurationName = Release;
		};
		EA84C3BF1F4B35490020D0E1 /* Build configuration list for PBXNativeTarget "TableCell2" */ = {
			isa = XCConfigurationList;
			buildConfigurations = (
				EA84C3C01F4B35490020D0E1 /* Debug */,
				EA84C3C11F4B35490020D0E1 /* Release */,
			);
			defaultConfigurationIsVisible = 0;
		};
/* End XCConfigurationList section */
	};
	rootObject = EA84C3A01F4B35490020D0E1 /* Project object */;
}
